
Microsoft Visual Studio Solution File, Format Version 12.00
# Visual Studio 15
Project("{FAE04EC0-301F-11D3-BF4B-00C04F79EFBC}") = "XamarinSampleForms.Android", "XamarinSampleForms.Android\XamarinSampleForms.Android.csproj", "{7F29D458-CD32-40CD-8738-13A8B77306E2}"
EndProject
Project("{FAE04EC0-301F-11D3-BF4B-00C04F79EFBC}") = "XamarinSampleForms.iOS", "XamarinSampleForms.iOS\XamarinSampleForms.iOS.csproj", "{A32A8D6B-817E-4501-B6E9-78B9C0DD8F31}"
EndProject
Project("{FAE04EC0-301F-11D3-BF4B-00C04F79EFBC}") = "XamarinSampleForms", "XamarinSampleForms\XamarinSampleForms.csproj", "{BF8EA432-51C2-4F18-B667-B20C0F0BF696}"
EndProject
Global
	GlobalSection(SolutionConfigurationPlatforms) = preSolution
		Debug|Any CPU = Debug|Any CPU
		Release|Any CPU = Release|Any CPU
		Debug|iPhoneSimulator = Debug|iPhoneSimulator
		Release|iPhoneSimulator = Release|iPhoneSimulator
		Debug|iPhone = Debug|iPhone
		Release|iPhone = Release|iPhone
	EndGlobalSection
	GlobalSection(ProjectConfigurationPlatforms) = postSolution
		{7F29D458-CD32-40CD-8738-13A8B77306E2}.Debug|Any CPU.ActiveCfg = Debug|Any CPU
		{7F29D458-CD32-40CD-8738-13A8B77306E2}.Debug|Any CPU.Build.0 = Debug|Any CPU
		{7F29D458-CD32-40CD-8738-13A8B77306E2}.Release|Any CPU.ActiveCfg = Release|Any CPU
		{7F29D458-CD32-40CD-8738-13A8B77306E2}.Release|Any CPU.Build.0 = Release|Any CPU
		{7F29D458-CD32-40CD-8738-13A8B77306E2}.Debug|iPhoneSimulator.ActiveCfg = Debug|Any CPU
		{7F29D458-CD32-40CD-8738-13A8B77306E2}.Debug|iPhoneSimulator.Build.0 = Debug|Any CPU
		{7F29D458-CD32-40CD-8738-13A8B77306E2}.Release|iPhoneSimulator.ActiveCfg = Release|Any CPU
		{7F29D458-CD32-40CD-8738-13A8B77306E2}.Release|iPhoneSimulator.Build.0 = Release|Any CPU
		{7F29D458-CD32-40CD-8738-13A8B77306E2}.Debug|iPhone.ActiveCfg = Debug|Any CPU
		{7F29D458-CD32-40CD-8738-13A8B77306E2}.Debug|iPhone.Build.0 = Debug|Any CPU
		{7F29D458-CD32-40CD-8738-13A8B77306E2}.Release|iPhone.ActiveCfg = Release|Any CPU
		{7F29D458-CD32-40CD-8738-13A8B77306E2}.Release|iPhone.Build.0 = Release|Any CPU
		{A32A8D6B-817E-4501-B6E9-78B9C0DD8F31}.Debug|Any CPU.ActiveCfg = Debug|iPhoneSimulator
		{A32A8D6B-817E-4501-B6E9-78B9C0DD8F31}.Debug|Any CPU.Build.0 = Debug|iPhoneSimulator
		{A32A8D6B-817E-4501-B6E9-78B9C0DD8F31}.Release|Any CPU.ActiveCfg = Release|iPhoneSimulator
		{A32A8D6B-817E-4501-B6E9-78B9C0DD8F31}.Release|Any CPU.Build.0 = Release|iPhoneSimulator
		{A32A8D6B-817E-4501-B6E9-78B9C0DD8F31}.Debug|iPhoneSimulator.ActiveCfg = Debug|iPhoneSimulator
		{A32A8D6B-817E-4501-B6E9-78B9C0DD8F31}.Debug|iPhoneSimulator.Build.0 = Debug|iPhoneSimulator
		{A32A8D6B-817E-4501-B6E9-78B9C0DD8F31}.Release|iPhoneSimulator.ActiveCfg = Release|iPhoneSimulator
		{A32A8D6B-817E-4501-B6E9-78B9C0DD8F31}.Release|iPhoneSimulator.Build.0 = Release|iPhoneSimulator
		{A32A8D6B-817E-4501-B6E9-78B9C0DD8F31}.Debug|iPhone.ActiveCfg = Debug|iPhone
		{A32A8D6B-817E-4501-B6E9-78B9C0DD8F31}.Debug|iPhone.Build.0 = Debug|iPhone
		{A32A8D6B-817E-4501-B6E9-78B9C0DD8F31}.Release|iPhone.ActiveCfg = Release|iPhone
		{A32A8D6B-817E-4501-B6E9-78B9C0DD8F31}.Release|iPhone.Build.0 = Release|iPhone
		{BF8EA432-51C2-4F18-B667-B20C0F0BF696}.Debug|Any CPU.ActiveCfg = Debug|Any CPU
		{BF8EA432-51C2-4F18-B667-B20C0F0BF696}.Debug|Any CPU.Build.0 = Debug|Any CPU
		{BF8EA432-51C2-4F18-B667-B20C0F0BF696}.Release|Any CPU.ActiveCfg = Release|Any CPU
		{BF8EA432-51C2-4F18-B667-B20C0F0BF696}.Release|Any CPU.Build.0 = Release|Any CPU
		{BF8EA432-51C2-4F18-B667-B20C0F0BF696}.Debug|iPhoneSimulator.ActiveCfg = Debug|Any CPU
		{BF8EA432-51C2-4F18-B667-B20C0F0BF696}.Debug|iPhoneSimulator.Build.0 = Debug|Any CPU
		{BF8EA432-51C2-4F18-B667-B20C0F0BF696}.Release|iPhoneSimulator.ActiveCfg = Release|Any CPU
		{BF8EA432-51C2-4F18-B667-B20C0F0BF696}.Release|iPhoneSimulator.Build.0 = Release|Any CPU
		{BF8EA432-51C2-4F18-B667-B20C0F0BF696}.Debug|iPhone.ActiveCfg = Debug|Any CPU
		{BF8EA432-51C2-4F18-B667-B20C0F0BF696}.Debug|iPhone.Build.0 = Debug|Any CPU
		{BF8EA432-51C2-4F18-B667-B20C0F0BF696}.Release|iPhone.ActiveCfg = Release|Any CPU
		{BF8EA432-51C2-4F18-B667-B20C0F0BF696}.Release|iPhone.Build.0 = Release|Any CPU
	EndGlobalSection
EndGlobal
